
Microsoft Visual Studio Solution File, Format Version 12.00
# Visual Studio Version 18
VisualStudioVersion = 18.6.11716.218
MinimumVisualStudioVersion = 10.0.40219.1
Project("{FAE04EC0-301F-11D3-BF4B-00C04F79EFBC}") = "Design", "Desing\Design.csproj", "{52DB3EA7-DD63-4FAA-86AB-FEF3A5C1D4F9}"
	ProjectSection(ProjectDependencies) = postProject
		{A8B5E6F2-3C4D-4E5F-8A9B-1C2D3E4F5A6B} = {A8B5E6F2-3C4D-4E5F-8A9B-1C2D3E4F5A6B}
		{ECAACC45-2C9E-4D80-B72F-272671A2D417} = {ECAACC45-2C9E-4D80-B72F-272671A2D417}
	EndProjectSection
EndProject
Project("{FAE04EC0-301F-11D3-BF4B-00C04F79EFBC}") = "DAL", "DAL\DAL.csproj", "{ECAACC45-2C9E-4D80-B72F-272671A2D417}"
EndProject
Project("{FAE04EC0-301F-11D3-BF4B-00C04F79EFBC}") = "ZwcadPlugin", "TamdenZwcadPluging\ZwcadPlugin\ZwcadPlugin.csproj", "{A8B5E6F2-3C4D-4E5F-8A9B-1C2D3E4F5A6B}"
EndProject
Project("{9A19103F-16F7-4668-BE54-9A1E7A4F7556}") = "AutocadPlugin", "TandemAutocadPlugin\AutocadPlugin\AutocadPlugin.csproj", "{B7C6F8A1-4D5E-4F6A-9B0C-2D3E4F5A6B7C}"
EndProject
Project("{9A19103F-16F7-4668-BE54-9A1E7A4F7556}") = "BricscadPlugin", "TandemBricscadPlugin\BricscadPlugin\BricscadPlugin.csproj", "{C8D7E9F2-5E6F-4A7B-8C1D-3E4F5A6B7C8D}"
EndProject
Project("{9A19103F-16F7-4668-BE54-9A1E7A4F7556}") = "Tandem.Revit", "TandemRevitPlugin\Revit\Tandem.Revit.csproj", "{E1F2A3B4-5C6D-4E7F-8A9B-0C1D2E3F4A5B}"
EndProject
Project("{FAE04EC0-301F-11D3-BF4B-00C04F79EFBC}") = "LinkedIn", "LinkedIn\LinkedIn.csproj", "{D9E0E5C3-2F1A-4B7D-9B6C-1A2E3F4D5C6B}"
EndProject
Project("{FAE04EC0-301F-11D3-BF4B-00C04F79EFBC}") = "FreeCadPluging", "FreeCadPluging\FreeCadPluging.csproj", "{CD2C477F-8308-4486-9AB2-402840684C57}"
EndProject
Global
	GlobalSection(SolutionConfigurationPlatforms) = preSolution
		Debug|Any CPU = Debug|Any CPU
		Debug|x64 = Debug|x64
		Debug|x86 = Debug|x86
		Release|Any CPU = Release|Any CPU
		Release|x64 = Release|x64
		Release|x86 = Release|x86
	EndGlobalSection
	GlobalSection(ProjectConfigurationPlatforms) = postSolution
		{52DB3EA7-DD63-4FAA-86AB-FEF3A5C1D4F9}.Debug|Any CPU.ActiveCfg = Debug|Any CPU
		{52DB3EA7-DD63-4FAA-86AB-FEF3A5C1D4F9}.Debug|Any CPU.Build.0 = Debug|Any CPU
		{52DB3EA7-DD63-4FAA-86AB-FEF3A5C1D4F9}.Debug|x64.ActiveCfg = Debug|Any CPU
		{52DB3EA7-DD63-4FAA-86AB-FEF3A5C1D4F9}.Debug|x64.Build.0 = Debug|Any CPU
		{52DB3EA7-DD63-4FAA-86AB-FEF3A5C1D4F9}.Debug|x86.ActiveCfg = Debug|Any CPU
		{52DB3EA7-DD63-4FAA-86AB-FEF3A5C1D4F9}.Debug|x86.Build.0 = Debug|Any CPU
		{52DB3EA7-DD63-4FAA-86AB-FEF3A5C1D4F9}.Release|Any CPU.ActiveCfg = Release|Any CPU
		{52DB3EA7-DD63-4FAA-86AB-FEF3A5C1D4F9}.Release|Any CPU.Build.0 = Release|Any CPU
		{52DB3EA7-DD63-4FAA-86AB-FEF3A5C1D4F9}.Release|x64.ActiveCfg = Release|Any CPU
		{52DB3EA7-DD63-4FAA-86AB-FEF3A5C1D4F9}.Release|x64.Build.0 = Release|Any CPU
		{52DB3EA7-DD63-4FAA-86AB-FEF3A5C1D4F9}.Release|x86.ActiveCfg = Release|Any CPU
		{52DB3EA7-DD63-4FAA-86AB-FEF3A5C1D4F9}.Release|x86.Build.0 = Release|Any CPU
		{ECAACC45-2C9E-4D80-B72F-272671A2D417}.Debug|Any CPU.ActiveCfg = Debug|Any CPU
		{ECAACC45-2C9E-4D80-B72F-272671A2D417}.Debug|Any CPU.Build.0 = Debug|Any CPU
		{ECAACC45-2C9E-4D80-B72F-272671A2D417}.Debug|x64.ActiveCfg = Debug|Any CPU
		{ECAACC45-2C9E-4D80-B72F-272671A2D417}.Debug|x64.Build.0 = Debug|Any CPU
		{ECAACC45-2C9E-4D80-B72F-272671A2D417}.Debug|x86.ActiveCfg = Debug|Any CPU
		{ECAACC45-2C9E-4D80-B72F-272671A2D417}.Debug|x86.Build.0 = Debug|Any CPU
		{ECAACC45-2C9E-4D80-B72F-272671A2D417}.Release|Any CPU.ActiveCfg = Release|Any CPU
		{ECAACC45-2C9E-4D80-B72F-272671A2D417}.Release|Any CPU.Build.0 = Release|Any CPU
		{ECAACC45-2C9E-4D80-B72F-272671A2D417}.Release|x64.ActiveCfg = Release|Any CPU
		{ECAACC45-2C9E-4D80-B72F-272671A2D417}.Release|x64.Build.0 = Release|Any CPU
		{ECAACC45-2C9E-4D80-B72F-272671A2D417}.Release|x86.ActiveCfg = Release|Any CPU
		{ECAACC45-2C9E-4D80-B72F-272671A2D417}.Release|x86.Build.0 = Release|Any CPU
		{A8B5E6F2-3C4D-4E5F-8A9B-1C2D3E4F5A6B}.Debug|Any CPU.ActiveCfg = Debug|Any CPU
		{A8B5E6F2-3C4D-4E5F-8A9B-1C2D3E4F5A6B}.Debug|Any CPU.Build.0 = Debug|Any CPU
		{A8B5E6F2-3C4D-4E5F-8A9B-1C2D3E4F5A6B}.Debug|x64.ActiveCfg = Debug|Any CPU
		{A8B5E6F2-3C4D-4E5F-8A9B-1C2D3E4F5A6B}.Debug|x64.Build.0 = Debug|Any CPU
		{A8B5E6F2-3C4D-4E5F-8A9B-1C2D3E4F5A6B}.Debug|x86.ActiveCfg = Debug|Any CPU
		{A8B5E6F2-3C4D-4E5F-8A9B-1C2D3E4F5A6B}.Debug|x86.Build.0 = Debug|Any CPU
		{A8B5E6F2-3C4D-4E5F-8A9B-1C2D3E4F5A6B}.Release|Any CPU.ActiveCfg = Release|Any CPU
		{A8B5E6F2-3C4D-4E5F-8A9B-1C2D3E4F5A6B}.Release|Any CPU.Build.0 = Release|Any CPU
		{A8B5E6F2-3C4D-4E5F-8A9B-1C2D3E4F5A6B}.Release|x64.ActiveCfg = Release|Any CPU
		{A8B5E6F2-3C4D-4E5F-8A9B-1C2D3E4F5A6B}.Release|x64.Build.0 = Release|Any CPU
		{A8B5E6F2-3C4D-4E5F-8A9B-1C2D3E4F5A6B}.Release|x86.ActiveCfg = Release|Any CPU
		{A8B5E6F2-3C4D-4E5F-8A9B-1C2D3E4F5A6B}.Release|x86.Build.0 = Release|Any CPU
		{B7C6F8A1-4D5E-4F6A-9B0C-2D3E4F5A6B7C}.Debug|Any CPU.ActiveCfg = Debug|Any CPU
		{B7C6F8A1-4D5E-4F6A-9B0C-2D3E4F5A6B7C}.Debug|Any CPU.Build.0 = Debug|Any CPU
		{B7C6F8A1-4D5E-4F6A-9B0C-2D3E4F5A6B7C}.Debug|x64.ActiveCfg = Debug|Any CPU
		{B7C6F8A1-4D5E-4F6A-9B0C-2D3E4F5A6B7C}.Debug|x64.Build.0 = Debug|Any CPU
		{B7C6F8A1-4D5E-4F6A-9B0C-2D3E4F5A6B7C}.Debug|x86.ActiveCfg = Debug|Any CPU
		{B7C6F8A1-4D5E-4F6A-9B0C-2D3E4F5A6B7C}.Debug|x86.Build.0 = Debug|Any CPU
		{B7C6F8A1-4D5E-4F6A-9B0C-2D3E4F5A6B7C}.Release|Any CPU.ActiveCfg = Release|Any CPU
		{B7C6F8A1-4D5E-4F6A-9B0C-2D3E4F5A6B7C}.Release|Any CPU.Build.0 = Release|Any CPU
		{B7C6F8A1-4D5E-4F6A-9B0C-2D3E4F5A6B7C}.Release|x64.ActiveCfg = Release|Any CPU
		{B7C6F8A1-4D5E-4F6A-9B0C-2D3E4F5A6B7C}.Release|x64.Build.0 = Release|Any CPU
		{B7C6F8A1-4D5E-4F6A-9B0C-2D3E4F5A6B7C}.Release|x86.ActiveCfg = Release|Any CPU
		{B7C6F8A1-4D5E-4F6A-9B0C-2D3E4F5A6B7C}.Release|x86.Build.0 = Release|Any CPU
		{C8D7E9F2-5E6F-4A7B-8C1D-3E4F5A6B7C8D}.Debug|Any CPU.ActiveCfg = Debug|Any CPU
		{C8D7E9F2-5E6F-4A7B-8C1D-3E4F5A6B7C8D}.Debug|Any CPU.Build.0 = Debug|Any CPU
		{C8D7E9F2-5E6F-4A7B-8C1D-3E4F5A6B7C8D}.Debug|x64.ActiveCfg = Debug|Any CPU
		{C8D7E9F2-5E6F-4A7B-8C1D-3E4F5A6B7C8D}.Debug|x64.Build.0 = Debug|Any CPU
		{C8D7E9F2-5E6F-4A7B-8C1D-3E4F5A6B7C8D}.Debug|x86.ActiveCfg = Debug|Any CPU
		{C8D7E9F2-5E6F-4A7B-8C1D-3E4F5A6B7C8D}.Debug|x86.Build.0 = Debug|Any CPU
		{C8D7E9F2-5E6F-4A7B-8C1D-3E4F5A6B7C8D}.Release|Any CPU.ActiveCfg = Release|Any CPU
		{C8D7E9F2-5E6F-4A7B-8C1D-3E4F5A6B7C8D}.Release|Any CPU.Build.0 = Release|Any CPU
		{C8D7E9F2-5E6F-4A7B-8C1D-3E4F5A6B7C8D}.Release|x64.ActiveCfg = Release|Any CPU
		{C8D7E9F2-5E6F-4A7B-8C1D-3E4F5A6B7C8D}.Release|x64.Build.0 = Release|Any CPU
		{C8D7E9F2-5E6F-4A7B-8C1D-3E4F5A6B7C8D}.Release|x86.ActiveCfg = Release|Any CPU
		{C8D7E9F2-5E6F-4A7B-8C1D-3E4F5A6B7C8D}.Release|x86.Build.0 = Release|Any CPU
		{E1F2A3B4-5C6D-4E7F-8A9B-0C1D2E3F4A5B}.Debug|Any CPU.ActiveCfg = Debug|Any CPU
		{E1F2A3B4-5C6D-4E7F-8A9B-0C1D2E3F4A5B}.Debug|Any CPU.Build.0 = Debug|Any CPU
		{E1F2A3B4-5C6D-4E7F-8A9B-0C1D2E3F4A5B}.Debug|x64.ActiveCfg = Debug|Any CPU
		{E1F2A3B4-5C6D-4E7F-8A9B-0C1D2E3F4A5B}.Debug|x64.Build.0 = Debug|Any CPU
		{E1F2A3B4-5C6D-4E7F-8A9B-0C1D2E3F4A5B}.Debug|x86.ActiveCfg = Debug|Any CPU
		{E1F2A3B4-5C6D-4E7F-8A9B-0C1D2E3F4A5B}.Debug|x86.Build.0 = Debug|Any CPU
		{E1F2A3B4-5C6D-4E7F-8A9B-0C1D2E3F4A5B}.Release|Any CPU.ActiveCfg = Release|Any CPU
		{E1F2A3B4-5C6D-4E7F-8A9B-0C1D2E3F4A5B}.Release|Any CPU.Build.0 = Release|Any CPU
		{E1F2A3B4-5C6D-4E7F-8A9B-0C1D2E3F4A5B}.Release|x64.ActiveCfg = Release|Any CPU
		{E1F2A3B4-5C6D-4E7F-8A9B-0C1D2E3F4A5B}.Release|x64.Build.0 = Release|Any CPU
		{E1F2A3B4-5C6D-4E7F-8A9B-0C1D2E3F4A5B}.Release|x86.ActiveCfg = Release|Any CPU
		{E1F2A3B4-5C6D-4E7F-8A9B-0C1D2E3F4A5B}.Release|x86.Build.0 = Release|Any CPU
		{D9E0E5C3-2F1A-4B7D-9B6C-1A2E3F4D5C6B}.Debug|Any CPU.ActiveCfg = Debug|Any CPU
		{D9E0E5C3-2F1A-4B7D-9B6C-1A2E3F4D5C6B}.Debug|Any CPU.Build.0 = Debug|Any CPU
		{D9E0E5C3-2F1A-4B7D-9B6C-1A2E3F4D5C6B}.Debug|x64.ActiveCfg = Debug|Any CPU
		{D9E0E5C3-2F1A-4B7D-9B6C-1A2E3F4D5C6B}.Debug|x64.Build.0 = Debug|Any CPU
		{D9E0E5C3-2F1A-4B7D-9B6C-1A2E3F4D5C6B}.Debug|x86.ActiveCfg = Debug|Any CPU
		{D9E0E5C3-2F1A-4B7D-9B6C-1A2E3F4D5C6B}.Debug|x86.Build.0 = Debug|Any CPU
		{D9E0E5C3-2F1A-4B7D-9B6C-1A2E3F4D5C6B}.Release|Any CPU.ActiveCfg = Release|Any CPU
		{D9E0E5C3-2F1A-4B7D-9B6C-1A2E3F4D5C6B}.Release|Any CPU.Build.0 = Release|Any CPU
		{D9E0E5C3-2F1A-4B7D-9B6C-1A2E3F4D5C6B}.Release|x64.ActiveCfg = Release|Any CPU
		{D9E0E5C3-2F1A-4B7D-9B6C-1A2E3F4D5C6B}.Release|x64.Build.0 = Release|Any CPU
		{D9E0E5C3-2F1A-4B7D-9B6C-1A2E3F4D5C6B}.Release|x86.ActiveCfg = Release|Any CPU
		{D9E0E5C3-2F1A-4B7D-9B6C-1A2E3F4D5C6B}.Release|x86.Build.0 = Release|Any CPU
		{CD2C477F-8308-4486-9AB2-402840684C57}.Debug|Any CPU.ActiveCfg = Debug|Any CPU
		{CD2C477F-8308-4486-9AB2-402840684C57}.Debug|Any CPU.Build.0 = Debug|Any CPU
		{CD2C477F-8308-4486-9AB2-402840684C57}.Debug|x64.ActiveCfg = Debug|Any CPU
		{CD2C477F-8308-4486-9AB2-402840684C57}.Debug|x64.Build.0 = Debug|Any CPU
		{CD2C477F-8308-4486-9AB2-402840684C57}.Debug|x86.ActiveCfg = Debug|Any CPU
		{CD2C477F-8308-4486-9AB2-402840684C57}.Debug|x86.Build.0 = Debug|Any CPU
		{CD2C477F-8308-4486-9AB2-402840684C57}.Release|Any CPU.ActiveCfg = Release|Any CPU
		{CD2C477F-8308-4486-9AB2-402840684C57}.Release|Any CPU.Build.0 = Release|Any CPU
		{CD2C477F-8308-4486-9AB2-402840684C57}.Release|x64.ActiveCfg = Release|Any CPU
		{CD2C477F-8308-4486-9AB2-402840684C57}.Release|x64.Build.0 = Release|Any CPU
		{CD2C477F-8308-4486-9AB2-402840684C57}.Release|x86.ActiveCfg = Release|Any CPU
		{CD2C477F-8308-4486-9AB2-402840684C57}.Release|x86.Build.0 = Release|Any CPU
	EndGlobalSection
	GlobalSection(SolutionProperties) = preSolution
		HideSolutionNode = FALSE
	EndGlobalSection
	GlobalSection(ExtensibilityGlobals) = postSolution
		SolutionGuid = {8E2E3593-62C8-48E7-88F6-45464B3FF8EA}
	EndGlobalSection
EndGlobal
